
Microsoft Visual Studio Solution File, Format Version 12.00
# Visual Studio Version 17
VisualStudioVersion = 17.13.35931.197 d17.13
MinimumVisualStudioVersion = 10.0.40219.1
Project("{FAE04EC0-301F-11D3-BF4B-00C04F79EFBC}") = "ClientFacturas", "ClientFacturas\ClientFacturas.csproj", "{2FB0D445-AFBF-45D7-B6AA-25E2F16E3C86}"
EndProject
Project("{2150E333-8FDC-42A3-9474-1A3956D46DE8}") = "Dtos", "Dtos", "{02EA681E-C7D8-13C7-8484-4AC65E1B71E8}"
EndProject
Project("{FAE04EC0-301F-11D3-BF4B-00C04F79EFBC}") = "FacturasDto", "FacturasDto\FacturasDto.csproj", "{BD600EF0-4C12-460D-9D1F-510A98B4AE7C}"
EndProject
Project("{D954291E-2A0B-460D-934E-DC6B0785DB48}") = "Facturacion.Shared.Dto", "..\Practica2\Facturacion.Shared.Dto\Facturacion.Shared.Dto.shproj", "{8C936F27-1325-4677-A98E-DC7C0474AAD1}"
EndProject
Project("{FAE04EC0-301F-11D3-BF4B-00C04F79EFBC}") = "Sesion", "Sesion\Sesion.csproj", "{CE1BA098-FE3F-459B-8FB4-DB321A3512A1}"
EndProject
Global
	GlobalSection(SolutionConfigurationPlatforms) = preSolution
		Debug|Any CPU = Debug|Any CPU
		Release|Any CPU = Release|Any CPU
	EndGlobalSection
	GlobalSection(ProjectConfigurationPlatforms) = postSolution
		{2FB0D445-AFBF-45D7-B6AA-25E2F16E3C86}.Debug|Any CPU.ActiveCfg = Debug|Any CPU
		{2FB0D445-AFBF-45D7-B6AA-25E2F16E3C86}.Debug|Any CPU.Build.0 = Debug|Any CPU
		{2FB0D445-AFBF-45D7-B6AA-25E2F16E3C86}.Release|Any CPU.ActiveCfg = Release|Any CPU
		{2FB0D445-AFBF-45D7-B6AA-25E2F16E3C86}.Release|Any CPU.Build.0 = Release|Any CPU
		{BD600EF0-4C12-460D-9D1F-510A98B4AE7C}.Debug|Any CPU.ActiveCfg = Debug|Any CPU
		{BD600EF0-4C12-460D-9D1F-510A98B4AE7C}.Debug|Any CPU.Build.0 = Debug|Any CPU
		{BD600EF0-4C12-460D-9D1F-510A98B4AE7C}.Release|Any CPU.ActiveCfg = Release|Any CPU
		{BD600EF0-4C12-460D-9D1F-510A98B4AE7C}.Release|Any CPU.Build.0 = Release|Any CPU
		{CE1BA098-FE3F-459B-8FB4-DB321A3512A1}.Debug|Any CPU.ActiveCfg = Debug|Any CPU
		{CE1BA098-FE3F-459B-8FB4-DB321A3512A1}.Debug|Any CPU.Build.0 = Debug|Any CPU
		{CE1BA098-FE3F-459B-8FB4-DB321A3512A1}.Release|Any CPU.ActiveCfg = Release|Any CPU
		{CE1BA098-FE3F-459B-8FB4-DB321A3512A1}.Release|Any CPU.Build.0 = Release|Any CPU
	EndGlobalSection
	GlobalSection(SolutionProperties) = preSolution
		HideSolutionNode = FALSE
	EndGlobalSection
	GlobalSection(NestedProjects) = preSolution
		{BD600EF0-4C12-460D-9D1F-510A98B4AE7C} = {02EA681E-C7D8-13C7-8484-4AC65E1B71E8}
		{8C936F27-1325-4677-A98E-DC7C0474AAD1} = {02EA681E-C7D8-13C7-8484-4AC65E1B71E8}
	EndGlobalSection
	GlobalSection(ExtensibilityGlobals) = postSolution
		SolutionGuid = {29F76F1A-02F4-4856-9DFE-54E3819DFE23}
	EndGlobalSection
	GlobalSection(SharedMSBuildProjectFiles) = preSolution
		..\Practica2\Facturacion.Shared.Dto\Facturacion.Shared.Dto.projitems*{8c936f27-1325-4677-a98e-dc7c0474aad1}*SharedItemsImports = 13
		..\Practica2\Facturacion.Shared.Dto\Facturacion.Shared.Dto.projitems*{bd600ef0-4c12-460d-9d1f-510a98b4ae7c}*SharedItemsImports = 4
	EndGlobalSection
EndGlobal
